<?xml version="1.0" encoding="utf-8"?>
<Project ToolsVersion="4.0" xmlns="http://schemas.microsoft.com/developer/msbuild/2003">
  <ItemGroup>
    <Filter Include="Archivos de origen">
      <UniqueIdentifier>{4FC737F1-C7A5-4376-A066-2A32D752A2FF}</UniqueIdentifier>
      <Extensions>cpp;c;cc;cxx;c++;cppm;ixx;def;odl;idl;hpj;bat;asm;asmx</Extensions>
    </Filter>
    <Filter Include="Archivos de encabezado">
      <UniqueIdentifier>{93995380-89BD-4b04-88EB-625FBE52EBFB}</UniqueIdentifier>
      <Extensions>h;hh;hpp;hxx;h++;hm;inl;inc;ipp;xsd</Extensions>
    </Filter>
    <Filter Include="Archivos de recursos">
      <UniqueIdentifier>{67DA6AB6-F800-4c08-8B7A-83BB121AAD01}</UniqueIdentifier>
      <Extensions>rc;ico;cur;bmp;dlg;rc2;rct;bin;rgs;gif;jpg;jpeg;jpe;resx;tiff;tif;png;wav;mfcribbon-ms</Extensions>
    </Filter>
  </ItemGroup>
  <ItemGroup>
    <ClCompile Include="main.cpp">
      <Filter>Archivos de origen</Filter>
    </ClCompile>
    <ClCompile Include="API\Bucket.cpp">
      <Filter>Archivos de origen</Filter>
    </ClCompile>
    <ClCompile Include="API\Identifier.cpp">
      <Filter>Archivos de origen</Filter>
    </ClCompile>
    <ClCompile Include="API\Node\ConnectionInfo.cpp">
      <Filter>Archivos de origen</Filter>
    </ClCompile>
    <ClCompile Include="API\RoutingTable.cpp">
      <Filter>Archivos de origen</Filter>
    </ClCompile>
    <ClCompile Include="API\QueryModels\FindNodeAnswer.cpp">
      <Filter>Archivos de origen</Filter>
    </ClCompile>
    <ClCompile Include="protos\kademlia.grpc.pb.cc">
      <Filter>Archivos de origen</Filter>
    </ClCompile>
    <ClCompile Include="protos\kademlia.pb.cc">
      <Filter>Archivos de origen</Filter>
    </ClCompile>
    <ClCompile Include="API\Node\Server.cpp">
      <Filter>Archivos de origen</Filter>
    </ClCompile>
    <ClCompile Include="API\Node\RPC\CommunicationServiceImp.cpp">
      <Filter>Archivos de origen</Filter>
    </ClCompile>
    <ClCompile Include="API\Node\RPC\CommunicationClientImp.cpp">
      <Filter>Archivos de origen</Filter>
    </ClCompile>
  </ItemGroup>
  <ItemGroup>
    <None Include="protos\kademlia.proto" />
    <None Include="protos\ProtoCompiler.bat">
      <Filter>Archivos de origen</Filter>
    </None>
  </ItemGroup>
  <ItemGroup>
    <ClInclude Include="API\Bucket.h">
      <Filter>Archivos de encabezado</Filter>
    </ClInclude>
    <ClInclude Include="API\SysDef.h">
      <Filter>Archivos de encabezado</Filter>
    </ClInclude>
    <ClInclude Include="API\Identifier.h">
      <Filter>Archivos de encabezado</Filter>
    </ClInclude>
    <ClInclude Include="API\Node\ConnectionInfo.h">
      <Filter>Archivos de encabezado</Filter>
    </ClInclude>
    <ClInclude Include="API\RoutingTable.h">
      <Filter>Archivos de encabezado</Filter>
    </ClInclude>
    <ClInclude Include="API\QueryModels\FindNodeAnswer.h">
      <Filter>Archivos de encabezado</Filter>
    </ClInclude>
    <ClInclude Include="protos\kademlia.grpc.pb.h">
      <Filter>Archivos de encabezado</Filter>
    </ClInclude>
    <ClInclude Include="protos\kademlia.pb.h">
      <Filter>Archivos de encabezado</Filter>
    </ClInclude>
    <ClInclude Include="API\Node\Server.h">
      <Filter>Archivos de encabezado</Filter>
    </ClInclude>
    <ClInclude Include="API\Node\RPC\CommunicationServiceImp.h">
      <Filter>Archivos de encabezado</Filter>
    </ClInclude>
    <ClInclude Include="API\Node\RPC\CommunicationClientImp.h">
      <Filter>Archivos de encabezado</Filter>
    </ClInclude>
    <ClInclude Include="API\Utils.h">
      <Filter>Archivos de encabezado</Filter>
    </ClInclude>
    <ClInclude Include="API\Repository.h">
      <Filter>Archivos de encabezado</Filter>
    </ClInclude>
  </ItemGroup>
</Project>